
Microsoft Visual Studio Solution File, Format Version 12.00
# Visual Studio Version 17
VisualStudioVersion = 17.8.34309.116
MinimumVisualStudioVersion = 10.0.40219.1
Project("{9A19103F-16F7-4668-BE54-9A1E7A4F7556}") = "PV.Pixel.Service", "PV.Pixel.Service\PV.Pixel.Service.csproj", "{D05E2F8A-DD31-43F8-903D-26F21483C2D4}"
EndProject
Project("{9A19103F-16F7-4668-BE54-9A1E7A4F7556}") = "PV.Pixel.Messages", "PV.Pixel.Messages\PV.Pixel.Messages.csproj", "{E0A15BDF-35A0-4C9E-A87E-E0981969925A}"
EndProject
Project("{9A19103F-16F7-4668-BE54-9A1E7A4F7556}") = "PV.Pixel.Consumer", "PV.Pixel.Consumer\PV.Pixel.Consumer.csproj", "{8D2AA458-0B95-4854-A376-FEC28CF88A80}"
EndProject
Project("{FAE04EC0-301F-11D3-BF4B-00C04F79EFBC}") = "PV.Pixel.Service.Tests", "PV.Pixel.Service.Tests\PV.Pixel.Service.Tests.csproj", "{47EBC233-15A6-42D6-9BF9-9718EC8D76AF}"
EndProject
Project("{FAE04EC0-301F-11D3-BF4B-00C04F79EFBC}") = "PV.Pixel.Consumer.Tests", "PV.Pixel.Consumer.Tests\PV.Pixel.Consumer.Tests.csproj", "{090AFDC1-02B8-418B-A234-1839E52A0A1D}"
EndProject
Global
	GlobalSection(SolutionConfigurationPlatforms) = preSolution
		Debug|Any CPU = Debug|Any CPU
		Release|Any CPU = Release|Any CPU
	EndGlobalSection
	GlobalSection(ProjectConfigurationPlatforms) = postSolution
		{D05E2F8A-DD31-43F8-903D-26F21483C2D4}.Debug|Any CPU.ActiveCfg = Debug|Any CPU
		{D05E2F8A-DD31-43F8-903D-26F21483C2D4}.Debug|Any CPU.Build.0 = Debug|Any CPU
		{D05E2F8A-DD31-43F8-903D-26F21483C2D4}.Release|Any CPU.ActiveCfg = Release|Any CPU
		{D05E2F8A-DD31-43F8-903D-26F21483C2D4}.Release|Any CPU.Build.0 = Release|Any CPU
		{E0A15BDF-35A0-4C9E-A87E-E0981969925A}.Debug|Any CPU.ActiveCfg = Debug|Any CPU
		{E0A15BDF-35A0-4C9E-A87E-E0981969925A}.Debug|Any CPU.Build.0 = Debug|Any CPU
		{E0A15BDF-35A0-4C9E-A87E-E0981969925A}.Release|Any CPU.ActiveCfg = Release|Any CPU
		{E0A15BDF-35A0-4C9E-A87E-E0981969925A}.Release|Any CPU.Build.0 = Release|Any CPU
		{8D2AA458-0B95-4854-A376-FEC28CF88A80}.Debug|Any CPU.ActiveCfg = Debug|Any CPU
		{8D2AA458-0B95-4854-A376-FEC28CF88A80}.Debug|Any CPU.Build.0 = Debug|Any CPU
		{8D2AA458-0B95-4854-A376-FEC28CF88A80}.Release|Any CPU.ActiveCfg = Release|Any CPU
		{8D2AA458-0B95-4854-A376-FEC28CF88A80}.Release|Any CPU.Build.0 = Release|Any CPU
		{47EBC233-15A6-42D6-9BF9-9718EC8D76AF}.Debug|Any CPU.ActiveCfg = Debug|Any CPU
		{47EBC233-15A6-42D6-9BF9-9718EC8D76AF}.Debug|Any CPU.Build.0 = Debug|Any CPU
		{47EBC233-15A6-42D6-9BF9-9718EC8D76AF}.Release|Any CPU.ActiveCfg = Release|Any CPU
		{47EBC233-15A6-42D6-9BF9-9718EC8D76AF}.Release|Any CPU.Build.0 = Release|Any CPU
		{090AFDC1-02B8-418B-A234-1839E52A0A1D}.Debug|Any CPU.ActiveCfg = Debug|Any CPU
		{090AFDC1-02B8-418B-A234-1839E52A0A1D}.Debug|Any CPU.Build.0 = Debug|Any CPU
		{090AFDC1-02B8-418B-A234-1839E52A0A1D}.Release|Any CPU.ActiveCfg = Release|Any CPU
		{090AFDC1-02B8-418B-A234-1839E52A0A1D}.Release|Any CPU.Build.0 = Release|Any CPU
	EndGlobalSection
	GlobalSection(SolutionProperties) = preSolution
		HideSolutionNode = FALSE
	EndGlobalSection
	GlobalSection(ExtensibilityGlobals) = postSolution
		SolutionGuid = {0DD9FA53-7ACB-4314-8192-4B68EF9179DD}
	EndGlobalSection
EndGlobal
